{
  "version": 4,
  "terraform_version": "1.5.6",
  "serial": 5,
  "lineage": "f940e5d2-62de-83e2-b92a-bcf8cc62777d",
  "outputs": {},
  "resources": [
    {
      "mode": "managed",
      "type": "docker_container",
      "name": "ubuntu",
      "provider": "provider[\"registry.terraform.io/kreuzwerker/docker\"]",
      "instances": [
        {
          "schema_version": 2,
          "attributes": {
            "attach": false,
            "bridge": "",
            "capabilities": [],
            "cgroupns_mode": null,
            "command": [
              "/bin/bash"
            ],
            "container_logs": null,
            "container_read_refresh_timeout_milliseconds": 15000,
            "cpu_set": "",
            "cpu_shares": 0,
            "destroy_grace_seconds": null,
            "devices": [],
            "dns": null,
            "dns_opts": null,
            "dns_search": null,
            "domainname": "",
            "entrypoint": [],
            "env": [],
            "exit_code": null,
            "gpus": null,
            "group_add": null,
            "healthcheck": null,
            "host": [],
            "hostname": "ea3d7b8caa21",
            "id": "ea3d7b8caa212eba889aa17f0f274faa0a336187800dd10c3065c50ca2387324",
            "image": "sha256:5b117edd0b767986092e9f721ba2364951b0a271f53f1f41aff9dd1861c2d4fe",
            "init": false,
            "ipc_mode": "private",
            "labels": [],
            "log_driver": "json-file",
            "log_opts": null,
            "logs": false,
            "max_retry_count": 0,
            "memory": 0,
            "memory_swap": 0,
            "mounts": [],
            "must_run": true,
            "name": "foo",
            "network_data": [
              {
                "gateway": "",
                "global_ipv6_address": "",
                "global_ipv6_prefix_length": 0,
                "ip_address": "",
                "ip_prefix_length": 0,
                "ipv6_gateway": "",
                "network_name": "bridge"
              }
            ],
            "network_mode": "default",
            "networks_advanced": [],
            "pid_mode": "",
            "ports": [],
            "privileged": false,
            "publish_all_ports": false,
            "read_only": false,
            "remove_volumes": true,
            "restart": "always",
            "rm": false,
            "runtime": "runc",
            "security_opts": [],
            "shm_size": 64,
            "start": true,
            "stdin_open": false,
            "stop_signal": "",
            "stop_timeout": 0,
            "storage_opts": null,
            "sysctls": null,
            "tmpfs": null,
            "tty": false,
            "ulimit": [],
            "upload": [],
            "user": "",
            "userns_mode": "",
            "volumes": [],
            "wait": false,
            "wait_timeout": 60,
            "working_dir": ""
          },
          "sensitive_attributes": [],
          "private": "eyJzY2hlbWFfdmVyc2lvbiI6IjIifQ==",
          "dependencies": [
            "docker_image.ubuntu"
          ]
        }
      ]
    },
    {
      "mode": "managed",
      "type": "docker_image",
      "name": "ubuntu",
      "provider": "provider[\"registry.terraform.io/kreuzwerker/docker\"]",
      "instances": [
        {
          "schema_version": 0,
          "attributes": {
            "build": [],
            "force_remove": null,
            "id": "sha256:5b117edd0b767986092e9f721ba2364951b0a271f53f1f41aff9dd1861c2d4feubuntu:precise",
            "image_id": "sha256:5b117edd0b767986092e9f721ba2364951b0a271f53f1f41aff9dd1861c2d4fe",
            "keep_locally": null,
            "name": "ubuntu:precise",
            "platform": null,
            "pull_triggers": null,
            "repo_digest": "ubuntu@sha256:18305429afa14ea462f810146ba44d4363ae76e4c8dfc38288cf73aa07485005",
            "triggers": null
          },
          "sensitive_attributes": [],
          "private": "bnVsbA=="
        }
      ]
    }
  ],
  "check_results": null
}
